{
  "requires": true,
  "lockfileVersion": 1,
  "dependencies": {
    "react-naive": {
      "version": "1.0.0",
      "resolved": "https://registry.npmjs.org/react-naive/-/react-naive-1.0.0.tgz",
      "integrity": "sha512-yWijuzCpVoKHqBzOtMcBrpzJwgik80N0Hxn1H/oNvOLE4Vx+QMzDc5SuJxKlWlSN2RV1Rp6wGbvWzEKMDwOy8A=="
    }
  }
}
